
Microsoft Visual Studio Solution File, Format Version 12.00
# Visual Studio Version 16
VisualStudioVersion = 16.0.30225.117
MinimumVisualStudioVersion = 10.0.40219.1
Project("{FAE04EC0-301F-11D3-BF4B-00C04F79EFBC}") = "RiotAPISharp", "RiotAPISharp\RiotAPISharp.csproj", "{47BA2B65-C05B-4E80-87F0-556C4577477B}"
EndProject
Global
	GlobalSection(SolutionConfigurationPlatforms) = preSolution
		Debug|Any CPU = Debug|Any CPU
		Release|Any CPU = Release|Any CPU
	EndGlobalSection
	GlobalSection(ProjectConfigurationPlatforms) = postSolution
		{47BA2B65-C05B-4E80-87F0-556C4577477B}.Debug|Any CPU.ActiveCfg = Debug|Any CPU
		{47BA2B65-C05B-4E80-87F0-556C4577477B}.Debug|Any CPU.Build.0 = Debug|Any CPU
		{47BA2B65-C05B-4E80-87F0-556C4577477B}.Release|Any CPU.ActiveCfg = Release|Any CPU
		{47BA2B65-C05B-4E80-87F0-556C4577477B}.Release|Any CPU.Build.0 = Release|Any CPU
	EndGlobalSection
	GlobalSection(SolutionProperties) = preSolution
		HideSolutionNode = FALSE
	EndGlobalSection
	GlobalSection(ExtensibilityGlobals) = postSolution
		SolutionGuid = {73BC77A5-1447-4410-A255-9EB3D1843E92}
	EndGlobalSection
EndGlobal
